{
  "version": 4,
  "terraform_version": "1.6.5",
  "serial": 1,
  "lineage": "5756bb2d-401e-5e86-9599-b395bb668392",
  "outputs": {},
  "resources": [
    {
      "mode": "managed",
      "type": "local_file",
      "name": "devops",
      "provider": "provider[\"registry.terraform.io/hashicorp/local\"]",
      "instances": [
        {
          "schema_version": 0,
          "attributes": {
            "content": "This is devops test file",
            "content_base64": null,
            "content_base64sha256": "2kayB8j5qaaZOECIxU/mZkZtBbYRQ9T8ImLjsx4Oo7Q=",
            "content_base64sha512": "Uc4urfWcK65xTOJyolgRd1uRxLnWwj83Dgzh12MCZ6yfWPWHN8fjx1qmdyH33s/f79D4JPbtPi0B6piFBoU1YQ==",
            "content_md5": "021ccf4440c68eacc20d2c955e151ba2",
            "content_sha1": "b759d38fb38524f1c6a1efc86aa5beb85fd63fbe",
            "content_sha256": "da46b207c8f9a9a699384088c54fe666466d05b61143d4fc2262e3b31e0ea3b4",
            "content_sha512": "51ce2eadf59c2bae714ce272a25811775b91c4b9d6c23f370e0ce1d7630267ac9f58f58737c7e3c75aa67721f7decfdfefd0f824f6ed3e2d01ea988506853561",
            "directory_permission": "0777",
            "file_permission": "0777",
            "filename": "/workspaces/terraform-tws-learning/Day-2/terraform-variables/devops_test.txt",
            "id": "b759d38fb38524f1c6a1efc86aa5beb85fd63fbe",
            "sensitive_content": null,
            "source": null
          },
          "sensitive_attributes": []
        }
      ]
    }
  ],
  "check_results": null
}
