{
  "version": 4,
  "terraform_version": "1.6.5",
  "serial": 3,
  "lineage": "5756bb2d-401e-5e86-9599-b395bb668392",
  "outputs": {},
  "resources": [
    {
      "mode": "managed",
      "type": "local_file",
      "name": "devops",
      "provider": "provider[\"registry.terraform.io/hashicorp/local\"]",
      "instances": [
        {
          "schema_version": 0,
          "attributes": {
            "content": "This is devops test file",
            "content_base64": null,
            "content_base64sha256": "2kayB8j5qaaZOECIxU/mZkZtBbYRQ9T8ImLjsx4Oo7Q=",
            "content_base64sha512": "Uc4urfWcK65xTOJyolgRd1uRxLnWwj83Dgzh12MCZ6yfWPWHN8fjx1qmdyH33s/f79D4JPbtPi0B6piFBoU1YQ==",
            "content_md5": "021ccf4440c68eacc20d2c955e151ba2",
            "content_sha1": "b759d38fb38524f1c6a1efc86aa5beb85fd63fbe",
            "content_sha256": "da46b207c8f9a9a699384088c54fe666466d05b61143d4fc2262e3b31e0ea3b4",
            "content_sha512": "51ce2eadf59c2bae714ce272a25811775b91c4b9d6c23f370e0ce1d7630267ac9f58f58737c7e3c75aa67721f7decfdfefd0f824f6ed3e2d01ea988506853561",
            "directory_permission": "0777",
            "file_permission": "0777",
            "filename": "/workspaces/terraform-tws-learning/Day-2/terraform-variables/devops_test.txt",
            "id": "b759d38fb38524f1c6a1efc86aa5beb85fd63fbe",
            "sensitive_content": null,
            "source": null
          },
          "sensitive_attributes": []
        }
      ]
    },
    {
      "mode": "managed",
      "type": "local_file",
      "name": "devops-var",
      "provider": "provider[\"registry.terraform.io/hashicorp/local\"]",
      "instances": [
        {
          "schema_version": 0,
          "attributes": {
            "content": "var.content",
            "content_base64": null,
            "content_base64sha256": "8+TT03U9LszQJb/jSHweRYsj7ueiWTITMP0XjWQJJC0=",
            "content_base64sha512": "4vAOnRcZ3d1UVN+21Zr9SOnl1G3827a+KNI/AFyWfnsku7wxrvi/VybOMgsLDMNEH5ogAlsTRE8Xr04xsYIPaA==",
            "content_md5": "a46efb6d15998ca5a99b163701556c3d",
            "content_sha1": "2560517838ec2e0d5f58a3963f91831616d0ad5d",
            "content_sha256": "f3e4d3d3753d2eccd025bfe3487c1e458b23eee7a259321330fd178d6409242d",
            "content_sha512": "e2f00e9d1719dddd5454dfb6d59afd48e9e5d46dfcdbb6be28d23f005c967e7b24bbbc31aef8bf5726ce320b0b0cc3441f9a20025b13444f17af4e31b1820f68",
            "directory_permission": "0777",
            "file_permission": "0777",
            "filename": "var.filename",
            "id": "2560517838ec2e0d5f58a3963f91831616d0ad5d",
            "sensitive_content": null,
            "source": null
          },
          "sensitive_attributes": []
        }
      ]
    }
  ],
  "check_results": null
}
